
Microsoft Visual Studio Solution File, Format Version 12.00
Project("{2150E333-8FDC-42A3-9474-1A3956D46DE8}") = "src", "src", "{CF46DB2C-5A91-4555-BAC2-201ACF67DF12}"
EndProject
Project("{FAE04EC0-301F-11D3-BF4B-00C04F79EFBC}") = "EngineerNotebook.Core", "EngineerNotebook.Core\EngineerNotebook.Core.csproj", "{15D27509-4328-42C4-84EE-5E3265CC2E10}"
EndProject
Project("{FAE04EC0-301F-11D3-BF4B-00C04F79EFBC}") = "EngineerNotebook.Infrastructure", "EngineerNotebook.Infrastructure\EngineerNotebook.Infrastructure.csproj", "{8725DDB9-259F-453A-9856-A6A48C155644}"
EndProject
Project("{FAE04EC0-301F-11D3-BF4B-00C04F79EFBC}") = "EngineerNotebook.Shared", "EngineerNotebook.Shared\EngineerNotebook.Shared.csproj", "{F1275E07-4CA9-4878-92EF-D16DE15A3C0D}"
EndProject
Project("{FAE04EC0-301F-11D3-BF4B-00C04F79EFBC}") = "EngineerNotbook.PublicApi", "EngineerNotbook.PublicApi\EngineerNotbook.PublicApi.csproj", "{9C0AAE87-E815-405F-9CD5-30E696483E1F}"
EndProject
Global
	GlobalSection(SolutionConfigurationPlatforms) = preSolution
		Debug|Any CPU = Debug|Any CPU
		Release|Any CPU = Release|Any CPU
	EndGlobalSection
	GlobalSection(ProjectConfigurationPlatforms) = postSolution
		{15D27509-4328-42C4-84EE-5E3265CC2E10}.Debug|Any CPU.ActiveCfg = Debug|Any CPU
		{15D27509-4328-42C4-84EE-5E3265CC2E10}.Debug|Any CPU.Build.0 = Debug|Any CPU
		{15D27509-4328-42C4-84EE-5E3265CC2E10}.Release|Any CPU.ActiveCfg = Release|Any CPU
		{15D27509-4328-42C4-84EE-5E3265CC2E10}.Release|Any CPU.Build.0 = Release|Any CPU
		{8725DDB9-259F-453A-9856-A6A48C155644}.Debug|Any CPU.ActiveCfg = Debug|Any CPU
		{8725DDB9-259F-453A-9856-A6A48C155644}.Debug|Any CPU.Build.0 = Debug|Any CPU
		{8725DDB9-259F-453A-9856-A6A48C155644}.Release|Any CPU.ActiveCfg = Release|Any CPU
		{8725DDB9-259F-453A-9856-A6A48C155644}.Release|Any CPU.Build.0 = Release|Any CPU
		{F1275E07-4CA9-4878-92EF-D16DE15A3C0D}.Debug|Any CPU.ActiveCfg = Debug|Any CPU
		{F1275E07-4CA9-4878-92EF-D16DE15A3C0D}.Debug|Any CPU.Build.0 = Debug|Any CPU
		{F1275E07-4CA9-4878-92EF-D16DE15A3C0D}.Release|Any CPU.ActiveCfg = Release|Any CPU
		{F1275E07-4CA9-4878-92EF-D16DE15A3C0D}.Release|Any CPU.Build.0 = Release|Any CPU
		{9C0AAE87-E815-405F-9CD5-30E696483E1F}.Debug|Any CPU.ActiveCfg = Debug|Any CPU
		{9C0AAE87-E815-405F-9CD5-30E696483E1F}.Debug|Any CPU.Build.0 = Debug|Any CPU
		{9C0AAE87-E815-405F-9CD5-30E696483E1F}.Release|Any CPU.ActiveCfg = Release|Any CPU
		{9C0AAE87-E815-405F-9CD5-30E696483E1F}.Release|Any CPU.Build.0 = Release|Any CPU
	EndGlobalSection
	GlobalSection(NestedProjects) = preSolution
		{15D27509-4328-42C4-84EE-5E3265CC2E10} = {CF46DB2C-5A91-4555-BAC2-201ACF67DF12}
		{8725DDB9-259F-453A-9856-A6A48C155644} = {CF46DB2C-5A91-4555-BAC2-201ACF67DF12}
		{F1275E07-4CA9-4878-92EF-D16DE15A3C0D} = {CF46DB2C-5A91-4555-BAC2-201ACF67DF12}
		{9C0AAE87-E815-405F-9CD5-30E696483E1F} = {CF46DB2C-5A91-4555-BAC2-201ACF67DF12}
	EndGlobalSection
EndGlobal
