
Microsoft Visual Studio Solution File, Format Version 12.00
Project("{FAE04EC0-301F-11D3-BF4B-00C04F79EFBC}") = "EngineersNotebook", "EngineersNotebook\EngineersNotebook.csproj", "{161FCB66-6704-4089-BB16-822762A48722}"
EndProject
Global
	GlobalSection(SolutionConfigurationPlatforms) = preSolution
		Debug|Any CPU = Debug|Any CPU
		Release|Any CPU = Release|Any CPU
	EndGlobalSection
	GlobalSection(ProjectConfigurationPlatforms) = postSolution
		{161FCB66-6704-4089-BB16-822762A48722}.Debug|Any CPU.ActiveCfg = Debug|Any CPU
		{161FCB66-6704-4089-BB16-822762A48722}.Debug|Any CPU.Build.0 = Debug|Any CPU
		{161FCB66-6704-4089-BB16-822762A48722}.Release|Any CPU.ActiveCfg = Release|Any CPU
		{161FCB66-6704-4089-BB16-822762A48722}.Release|Any CPU.Build.0 = Release|Any CPU
	EndGlobalSection
EndGlobal
